
Microsoft Visual Studio Solution File, Format Version 11.00
# Visual Studio 2010
Project("{FAE04EC0-301F-11D3-BF4B-00C04F79EFBC}") = "Assembly-CSharp", "Assembly-CSharp.csproj", "{a09642f1-2002-46a3-580f-e162f40e6aa8}"
EndProject
Project("{FAE04EC0-301F-11D3-BF4B-00C04F79EFBC}") = "Assembly-CSharp-Editor", "Assembly-CSharp-Editor.csproj", "{24c8cfe3-2720-2d13-6b0d-d1bead8ccea4}"
EndProject
Global
	GlobalSection(SolutionConfigurationPlatforms) = preSolution
		Debug|Any CPU = Debug|Any CPU
	EndGlobalSection
	GlobalSection(ProjectConfigurationPlatforms) = postSolution
		{a09642f1-2002-46a3-580f-e162f40e6aa8}.Debug|Any CPU.ActiveCfg = Debug|Any CPU
		{a09642f1-2002-46a3-580f-e162f40e6aa8}.Debug|Any CPU.Build.0 = Debug|Any CPU
		{24c8cfe3-2720-2d13-6b0d-d1bead8ccea4}.Debug|Any CPU.ActiveCfg = Debug|Any CPU
		{24c8cfe3-2720-2d13-6b0d-d1bead8ccea4}.Debug|Any CPU.Build.0 = Debug|Any CPU
	EndGlobalSection
	GlobalSection(SolutionProperties) = preSolution
		HideSolutionNode = FALSE
	EndGlobalSection
EndGlobal
